{
  "name": "adminbsb-materialdesign",
  "version": "1.0.7",
  "lockfileVersion": 1,
  "requires": true,
  "dependencies": {
    "sweetalert2": {
      "version": "8.11.0",
      "resolved": "https://registry.npmjs.org/sweetalert2/-/sweetalert2-8.11.0.tgz",
      "integrity": "sha512-9C13Ljs7ikR3AmNLmoWQmCCVWoQO7JaqA+6Ox8qGH0fDsF1Mlek5LNg3tLvqiZhqR4qT4GFaErotWCBxUkF2sQ=="
    }
  }
}
